
Microsoft Visual Studio Solution File, Format Version 12.00
# Visual Studio Version 17
VisualStudioVersion = 17.5.2.0
MinimumVisualStudioVersion = 10.0.40219.1
Project("{2150E333-8FDC-42A3-9474-1A3956D46DE8}") = "src", "src", "{827E0CD3-B72D-47B6-A68D-7590B98EB39B}"
EndProject
Project("{2150E333-8FDC-42A3-9474-1A3956D46DE8}") = "tests", "tests", "{0AB3BF05-4346-4AA6-1389-037BE0695223}"
EndProject
Project("{FAE04EC0-301F-11D3-BF4B-00C04F79EFBC}") = "Matchmaking.Infrastructure", "src\Matchmaking.Infrastructure\Matchmaking.Infrastructure.csproj", "{2AC30F87-CB42-235E-8884-FCC96E1149B1}"
EndProject
Project("{FAE04EC0-301F-11D3-BF4B-00C04F79EFBC}") = "Matchmaking.Infrastructure.Tests", "tests\Matchmaking.Infrastructure.Tests\Matchmaking.Infrastructure.Tests.csproj", "{5410CDEF-5BE5-61DD-563A-04371DF03D5A}"
EndProject
Project("{FAE04EC0-301F-11D3-BF4B-00C04F79EFBC}") = "Matchmaking.ProducerWebService", "src\Matchmaking.ProducerWebService\Matchmaking.ProducerWebService.csproj", "{F8BE54AD-5EFF-4039-83E1-B84400C9FEAB}"
EndProject
Project("{FAE04EC0-301F-11D3-BF4B-00C04F79EFBC}") = "Matchmaking.ConsumerWorker", "src\Matchmaking.ConsumerWorker\Matchmaking.ConsumerWorker.csproj", "{08E134FA-BE27-4B96-940B-A6D5093844B7}"
EndProject
Global
	GlobalSection(SolutionConfigurationPlatforms) = preSolution
		Debug|Any CPU = Debug|Any CPU
		Debug|x64 = Debug|x64
		Debug|x86 = Debug|x86
		Release|Any CPU = Release|Any CPU
		Release|x64 = Release|x64
		Release|x86 = Release|x86
	EndGlobalSection
	GlobalSection(ProjectConfigurationPlatforms) = postSolution
		{2AC30F87-CB42-235E-8884-FCC96E1149B1}.Debug|Any CPU.ActiveCfg = Debug|Any CPU
		{2AC30F87-CB42-235E-8884-FCC96E1149B1}.Debug|Any CPU.Build.0 = Debug|Any CPU
		{2AC30F87-CB42-235E-8884-FCC96E1149B1}.Debug|x64.ActiveCfg = Debug|Any CPU
		{2AC30F87-CB42-235E-8884-FCC96E1149B1}.Debug|x64.Build.0 = Debug|Any CPU
		{2AC30F87-CB42-235E-8884-FCC96E1149B1}.Debug|x86.ActiveCfg = Debug|Any CPU
		{2AC30F87-CB42-235E-8884-FCC96E1149B1}.Debug|x86.Build.0 = Debug|Any CPU
		{2AC30F87-CB42-235E-8884-FCC96E1149B1}.Release|Any CPU.ActiveCfg = Release|Any CPU
		{2AC30F87-CB42-235E-8884-FCC96E1149B1}.Release|Any CPU.Build.0 = Release|Any CPU
		{2AC30F87-CB42-235E-8884-FCC96E1149B1}.Release|x64.ActiveCfg = Release|Any CPU
		{2AC30F87-CB42-235E-8884-FCC96E1149B1}.Release|x64.Build.0 = Release|Any CPU
		{2AC30F87-CB42-235E-8884-FCC96E1149B1}.Release|x86.ActiveCfg = Release|Any CPU
		{2AC30F87-CB42-235E-8884-FCC96E1149B1}.Release|x86.Build.0 = Release|Any CPU
		{5410CDEF-5BE5-61DD-563A-04371DF03D5A}.Debug|Any CPU.ActiveCfg = Debug|Any CPU
		{5410CDEF-5BE5-61DD-563A-04371DF03D5A}.Debug|Any CPU.Build.0 = Debug|Any CPU
		{5410CDEF-5BE5-61DD-563A-04371DF03D5A}.Debug|x64.ActiveCfg = Debug|Any CPU
		{5410CDEF-5BE5-61DD-563A-04371DF03D5A}.Debug|x64.Build.0 = Debug|Any CPU
		{5410CDEF-5BE5-61DD-563A-04371DF03D5A}.Debug|x86.ActiveCfg = Debug|Any CPU
		{5410CDEF-5BE5-61DD-563A-04371DF03D5A}.Debug|x86.Build.0 = Debug|Any CPU
		{5410CDEF-5BE5-61DD-563A-04371DF03D5A}.Release|Any CPU.ActiveCfg = Release|Any CPU
		{5410CDEF-5BE5-61DD-563A-04371DF03D5A}.Release|Any CPU.Build.0 = Release|Any CPU
		{5410CDEF-5BE5-61DD-563A-04371DF03D5A}.Release|x64.ActiveCfg = Release|Any CPU
		{5410CDEF-5BE5-61DD-563A-04371DF03D5A}.Release|x64.Build.0 = Release|Any CPU
		{5410CDEF-5BE5-61DD-563A-04371DF03D5A}.Release|x86.ActiveCfg = Release|Any CPU
		{5410CDEF-5BE5-61DD-563A-04371DF03D5A}.Release|x86.Build.0 = Release|Any CPU
		{F8BE54AD-5EFF-4039-83E1-B84400C9FEAB}.Debug|Any CPU.ActiveCfg = Debug|Any CPU
		{F8BE54AD-5EFF-4039-83E1-B84400C9FEAB}.Debug|Any CPU.Build.0 = Debug|Any CPU
		{F8BE54AD-5EFF-4039-83E1-B84400C9FEAB}.Debug|x64.ActiveCfg = Debug|Any CPU
		{F8BE54AD-5EFF-4039-83E1-B84400C9FEAB}.Debug|x64.Build.0 = Debug|Any CPU
		{F8BE54AD-5EFF-4039-83E1-B84400C9FEAB}.Debug|x86.ActiveCfg = Debug|Any CPU
		{F8BE54AD-5EFF-4039-83E1-B84400C9FEAB}.Debug|x86.Build.0 = Debug|Any CPU
		{F8BE54AD-5EFF-4039-83E1-B84400C9FEAB}.Release|Any CPU.ActiveCfg = Release|Any CPU
		{F8BE54AD-5EFF-4039-83E1-B84400C9FEAB}.Release|Any CPU.Build.0 = Release|Any CPU
		{F8BE54AD-5EFF-4039-83E1-B84400C9FEAB}.Release|x64.ActiveCfg = Release|Any CPU
		{F8BE54AD-5EFF-4039-83E1-B84400C9FEAB}.Release|x64.Build.0 = Release|Any CPU
		{F8BE54AD-5EFF-4039-83E1-B84400C9FEAB}.Release|x86.ActiveCfg = Release|Any CPU
		{F8BE54AD-5EFF-4039-83E1-B84400C9FEAB}.Release|x86.Build.0 = Release|Any CPU
		{08E134FA-BE27-4B96-940B-A6D5093844B7}.Debug|Any CPU.ActiveCfg = Debug|Any CPU
		{08E134FA-BE27-4B96-940B-A6D5093844B7}.Debug|Any CPU.Build.0 = Debug|Any CPU
		{08E134FA-BE27-4B96-940B-A6D5093844B7}.Debug|x64.ActiveCfg = Debug|Any CPU
		{08E134FA-BE27-4B96-940B-A6D5093844B7}.Debug|x64.Build.0 = Debug|Any CPU
		{08E134FA-BE27-4B96-940B-A6D5093844B7}.Debug|x86.ActiveCfg = Debug|Any CPU
		{08E134FA-BE27-4B96-940B-A6D5093844B7}.Debug|x86.Build.0 = Debug|Any CPU
		{08E134FA-BE27-4B96-940B-A6D5093844B7}.Release|Any CPU.ActiveCfg = Release|Any CPU
		{08E134FA-BE27-4B96-940B-A6D5093844B7}.Release|Any CPU.Build.0 = Release|Any CPU
		{08E134FA-BE27-4B96-940B-A6D5093844B7}.Release|x64.ActiveCfg = Release|Any CPU
		{08E134FA-BE27-4B96-940B-A6D5093844B7}.Release|x64.Build.0 = Release|Any CPU
		{08E134FA-BE27-4B96-940B-A6D5093844B7}.Release|x86.ActiveCfg = Release|Any CPU
		{08E134FA-BE27-4B96-940B-A6D5093844B7}.Release|x86.Build.0 = Release|Any CPU
	EndGlobalSection
	GlobalSection(SolutionProperties) = preSolution
		HideSolutionNode = FALSE
	EndGlobalSection
	GlobalSection(NestedProjects) = preSolution
		{2AC30F87-CB42-235E-8884-FCC96E1149B1} = {827E0CD3-B72D-47B6-A68D-7590B98EB39B}
		{5410CDEF-5BE5-61DD-563A-04371DF03D5A} = {0AB3BF05-4346-4AA6-1389-037BE0695223}
		{F8BE54AD-5EFF-4039-83E1-B84400C9FEAB} = {827E0CD3-B72D-47B6-A68D-7590B98EB39B}
		{08E134FA-BE27-4B96-940B-A6D5093844B7} = {827E0CD3-B72D-47B6-A68D-7590B98EB39B}
	EndGlobalSection
	GlobalSection(ExtensibilityGlobals) = postSolution
		SolutionGuid = {2FFC6DC7-EAA6-49C9-9FFD-0F684929E385}
	EndGlobalSection
EndGlobal
